
Microsoft Visual Studio Solution File, Format Version 12.00
# Visual Studio 15
VisualStudioVersion = 15.0.28307.106
MinimumVisualStudioVersion = 10.0.40219.1
Project("{FAE04EC0-301F-11D3-BF4B-00C04F79EFBC}") = "Day1_basics", "Day1_basics\Day1_basics.csproj", "{A92D9C9A-6557-4AFB-BB5F-5CD729F0D275}"
EndProject
Global
	GlobalSection(SolutionConfigurationPlatforms) = preSolution
		Debug|Any CPU = Debug|Any CPU
		Release|Any CPU = Release|Any CPU
	EndGlobalSection
	GlobalSection(ProjectConfigurationPlatforms) = postSolution
		{A92D9C9A-6557-4AFB-BB5F-5CD729F0D275}.Debug|Any CPU.ActiveCfg = Debug|Any CPU
		{A92D9C9A-6557-4AFB-BB5F-5CD729F0D275}.Debug|Any CPU.Build.0 = Debug|Any CPU
		{A92D9C9A-6557-4AFB-BB5F-5CD729F0D275}.Release|Any CPU.ActiveCfg = Release|Any CPU
		{A92D9C9A-6557-4AFB-BB5F-5CD729F0D275}.Release|Any CPU.Build.0 = Release|Any CPU
	EndGlobalSection
	GlobalSection(SolutionProperties) = preSolution
		HideSolutionNode = FALSE
	EndGlobalSection
	GlobalSection(ExtensibilityGlobals) = postSolution
		SolutionGuid = {7D4ED191-F3A9-484D-9559-AD7186CF4961}
	EndGlobalSection
EndGlobal
